
Microsoft Visual Studio Solution File, Format Version 12.00
# Visual Studio Version 16
VisualStudioVersion = 16.0.31424.327
MinimumVisualStudioVersion = 10.0.40219.1
Project("{FAE04EC0-301F-11D3-BF4B-00C04F79EFBC}") = "Student_Department", "Student_Department.csproj", "{368BA2F8-92C2-4E29-BE41-B41F82D86E89}"
EndProject
Global
	GlobalSection(SolutionConfigurationPlatforms) = preSolution
		Debug|Any CPU = Debug|Any CPU
		Release|Any CPU = Release|Any CPU
	EndGlobalSection
	GlobalSection(ProjectConfigurationPlatforms) = postSolution
		{368BA2F8-92C2-4E29-BE41-B41F82D86E89}.Debug|Any CPU.ActiveCfg = Debug|Any CPU
		{368BA2F8-92C2-4E29-BE41-B41F82D86E89}.Debug|Any CPU.Build.0 = Debug|Any CPU
		{368BA2F8-92C2-4E29-BE41-B41F82D86E89}.Release|Any CPU.ActiveCfg = Release|Any CPU
		{368BA2F8-92C2-4E29-BE41-B41F82D86E89}.Release|Any CPU.Build.0 = Release|Any CPU
	EndGlobalSection
	GlobalSection(SolutionProperties) = preSolution
		HideSolutionNode = FALSE
	EndGlobalSection
	GlobalSection(ExtensibilityGlobals) = postSolution
		SolutionGuid = {AD0D77CF-08D1-4448-87DC-14EFEB01A7D3}
	EndGlobalSection
EndGlobal
